// !$*UTF8*$!
{
	archiveVersion = 1;
	classes = {
	};
	objectVersion = 50;
	objects = {

/* Begin PBXBuildFile section */
		11274278244148E200ED939B /* AppDelegate.swift in Sources */ = {isa = PBXBuildFile; fileRef = 11274277244148E200ED939B /* AppDelegate.swift */; };
		1127427A244148E200ED939B /* SceneDelegate.swift in Sources */ = {isa = PBXBuildFile; fileRef = 11274279244148E200ED939B /* SceneDelegate.swift */; };
		1127427C244148E200ED939B /* ViewController.swift in Sources */ = {isa = PBXBuildFile; fileRef = 1127427B244148E200ED939B /* ViewController.swift */; };
		1127427F244148E200ED939B /* Main.storyboard in Resources */ = {isa = PBXBuildFile; fileRef = 1127427D244148E200ED939B /* Main.storyboard */; };
		11274281244148E300ED939B /* Assets.xcassets in Resources */ = {isa = PBXBuildFile; fileRef = 11274280244148E300ED939B /* Assets.xcassets */; };
		11274284244148E300ED939B /* LaunchScreen.storyboard in Resources */ = {isa = PBXBuildFile; fileRef = 11274282244148E300ED939B /* LaunchScreen.storyboard */; };
		1127428F24414BD700ED939B /* NextViewController.swift in Sources */ = {isa = PBXBuildFile; fileRef = 1127428E24414BD700ED939B /* NextViewController.swift */; };
		1127429524415A5F00ED939B /* imagesModel.swift in Sources */ = {isa = PBXBuildFile; fileRef = 1127429424415A5F00ED939B /* imagesModel.swift */; };
		1127429724415A7400ED939B /* imagesList.swift in Sources */ = {isa = PBXBuildFile; fileRef = 1127429624415A7400ED939B /* imagesList.swift */; };
		1127429D2441A4F300ED939B /* SoundFile.swift in Sources */ = {isa = PBXBuildFile; fileRef = 1127429C2441A4F300ED939B /* SoundFile.swift */; };
		1127429F2441A74600ED939B /* Animal.swift in Sources */ = {isa = PBXBuildFile; fileRef = 1127429E2441A74600ED939B /* Animal.swift */; };
		112742A12441A77600ED939B /* Human.swift in Sources */ = {isa = PBXBuildFile; fileRef = 112742A02441A77600ED939B /* Human.swift */; };
/* End PBXBuildFile section */

/* Begin PBXFileReference section */
		11274274244148E200ED939B /* QuestionApp2.app */ = {isa = PBXFileReference; explicitFileType = wrapper.application; includeInIndex = 0; path = QuestionApp2.app; sourceTree = BUILT_PRODUCTS_DIR; };
		11274277244148E200ED939B /* AppDelegate.swift */ = {isa = PBXFileReference; lastKnownFileType = sourcecode.swift; path = AppDelegate.swift; sourceTree = "<group>"; };
		11274279244148E200ED939B /* SceneDelegate.swift */ = {isa = PBXFileReference; lastKnownFileType = sourcecode.swift; path = SceneDelegate.swift; sourceTree = "<group>"; };
		1127427B244148E200ED939B /* ViewController.swift */ = {isa = PBXFileReference; lastKnownFileType = sourcecode.swift; path = ViewController.swift; sourceTree = "<group>"; };
		1127427E244148E200ED939B /* Base */ = {isa = PBXFileReference; lastKnownFileType = file.storyboard; name = Base; path = Base.lproj/Main.storyboard; sourceTree = "<group>"; };
		11274280244148E300ED939B /* Assets.xcassets */ = {isa = PBXFileReference; lastKnownFileType = folder.assetcatalog; path = Assets.xcassets; sourceTree = "<group>"; };
		11274283244148E300ED939B /* Base */ = {isa = PBXFileReference; lastKnownFileType = file.storyboard; name = Base; path = Base.lproj/LaunchScreen.storyboard; sourceTree = "<group>"; };
		11274285244148E300ED939B /* Info.plist */ = {isa = PBXFileReference; lastKnownFileType = text.plist.xml; path = Info.plist; sourceTree = "<group>"; };
		1127428E24414BD700ED939B /* NextViewController.swift */ = {isa = PBXFileReference; lastKnownFileType = sourcecode.swift; path = NextViewController.swift; sourceTree = "<group>"; };
		1127429424415A5F00ED939B /* imagesModel.swift */ = {isa = PBXFileReference; lastKnownFileType = sourcecode.swift; path = imagesModel.swift; sourceTree = "<group>"; };
		1127429624415A7400ED939B /* imagesList.swift */ = {isa = PBXFileReference; lastKnownFileType = sourcecode.swift; path = imagesList.swift; sourceTree = "<group>"; };
		1127429C2441A4F300ED939B /* SoundFile.swift */ = {isa = PBXFileReference; lastKnownFileType = sourcecode.swift; path = SoundFile.swift; sourceTree = "<group>"; };
		1127429E2441A74600ED939B /* Animal.swift */ = {isa = PBXFileReference; lastKnownFileType = sourcecode.swift; path = Animal.swift; sourceTree = "<group>"; };
		112742A02441A77600ED939B /* Human.swift */ = {isa = PBXFileReference; lastKnownFileType = sourcecode.swift; path = Human.swift; sourceTree = "<group>"; };
/* End PBXFileReference section */

/* Begin PBXFrameworksBuildPhase section */
		11274271244148E200ED939B /* Frameworks */ = {
			isa = PBXFrameworksBuildPhase;
			buildActionMask = 2147483647;
			files = (
			);
			runOnlyForDeploymentPostprocessing = 0;
		};
/* End PBXFrameworksBuildPhase section */

/* Begin PBXGroup section */
		1127426B244148E200ED939B = {
			isa = PBXGroup;
			children = (
				11274276244148E200ED939B /* QuestionApp2 */,
				11274275244148E200ED939B /* Products */,
			);
			sourceTree = "<group>";
		};
		11274275244148E200ED939B /* Products */ = {
			isa = PBXGroup;
			children = (
				11274274244148E200ED939B /* QuestionApp2.app */,
			);
			name = Products;
			sourceTree = "<group>";
		};
		11274276244148E200ED939B /* QuestionApp2 */ = {
			isa = PBXGroup;
			children = (
				1127428B24414AC400ED939B /* Model */,
				1127428C24414ACB00ED939B /* View */,
				1127428D24414AD200ED939B /* Controller */,
				11274282244148E300ED939B /* LaunchScreen.storyboard */,
				11274285244148E300ED939B /* Info.plist */,
			);
			path = QuestionApp2;
			sourceTree = "<group>";
		};
		1127428B24414AC400ED939B /* Model */ = {
			isa = PBXGroup;
			children = (
				1127429424415A5F00ED939B /* imagesModel.swift */,
				1127429624415A7400ED939B /* imagesList.swift */,
				1127429C2441A4F300ED939B /* SoundFile.swift */,
				1127429E2441A74600ED939B /* Animal.swift */,
				112742A02441A77600ED939B /* Human.swift */,
			);
			path = Model;
			sourceTree = "<group>";
		};
		1127428C24414ACB00ED939B /* View */ = {
			isa = PBXGroup;
			children = (
				1127427D244148E200ED939B /* Main.storyboard */,
				11274280244148E300ED939B /* Assets.xcassets */,
			);
			path = View;
			sourceTree = "<group>";
		};
		1127428D24414AD200ED939B /* Controller */ = {
			isa = PBXGroup;
			children = (
				11274277244148E200ED939B /* AppDelegate.swift */,
				11274279244148E200ED939B /* SceneDelegate.swift */,
				1127427B244148E200ED939B /* ViewController.swift */,
				1127428E24414BD700ED939B /* NextViewController.swift */,
			);
			path = Controller;
			sourceTree = "<group>";
		};
/* End PBXGroup section */

/* Begin PBXNativeTarget section */
		11274273244148E200ED939B /* QuestionApp2 */ = {
			isa = PBXNativeTarget;
			buildConfigurationList = 11274288244148E300ED939B /* Build configuration list for PBXNativeTarget "QuestionApp2" */;
			buildPhases = (
				11274270244148E200ED939B /* Sources */,
				11274271244148E200ED939B /* Frameworks */,
				11274272244148E200ED939B /* Resources */,
			);
			buildRules = (
			);
			dependencies = (
			);
			name = QuestionApp2;
			productName = QuestionApp2;
			productReference = 11274274244148E200ED939B /* QuestionApp2.app */;
			productType = "com.apple.product-type.application";
		};
/* End PBXNativeTarget section */

/* Begin PBXProject section */
		1127426C244148E200ED939B /* Project object */ = {
			isa = PBXProject;
			attributes = {
				LastSwiftUpdateCheck = 1140;
				LastUpgradeCheck = 1140;
				ORGANIZATIONNAME = "Yusuke Kawabata";
				TargetAttributes = {
					11274273244148E200ED939B = {
						CreatedOnToolsVersion = 11.4;
					};
				};
			};
			buildConfigurationList = 1127426F244148E200ED939B /* Build configuration list for PBXProject "QuestionApp2" */;
			compatibilityVersion = "Xcode 9.3";
			developmentRegion = en;
			hasScannedForEncodings = 0;
			knownRegions = (
				en,
				Base,
			);
			mainGroup = 1127426B244148E200ED939B;
			productRefGroup = 11274275244148E200ED939B /* Products */;
			projectDirPath = "";
			projectRoot = "";
			targets = (
				11274273244148E200ED939B /* QuestionApp2 */,
			);
		};
/* End PBXProject section */

/* Begin PBXResourcesBuildPhase section */
		11274272244148E200ED939B /* Resources */ = {
			isa = PBXResourcesBuildPhase;
			buildActionMask = 2147483647;
			files = (
				11274284244148E300ED939B /* LaunchScreen.storyboard in Resources */,
				11274281244148E300ED939B /* Assets.xcassets in Resources */,
				1127427F244148E200ED939B /* Main.storyboard in Resources */,
			);
			runOnlyForDeploymentPostprocessing = 0;
		};
/* End PBXResourcesBuildPhase section */

/* Begin PBXSourcesBuildPhase section */
		11274270244148E200ED939B /* Sources */ = {
			isa = PBXSourcesBuildPhase;
			buildActionMask = 2147483647;
			files = (
				1127427C244148E200ED939B /* ViewController.swift in Sources */,
				1127429F2441A74600ED939B /* Animal.swift in Sources */,
				1127429D2441A4F300ED939B /* SoundFile.swift in Sources */,
				1127428F24414BD700ED939B /* NextViewController.swift in Sources */,
				112742A12441A77600ED939B /* Human.swift in Sources */,
				11274278244148E200ED939B /* AppDelegate.swift in Sources */,
				1127427A244148E200ED939B /* SceneDelegate.swift in Sources */,
				1127429524415A5F00ED939B /* imagesModel.swift in Sources */,
				1127429724415A7400ED939B /* imagesList.swift in Sources */,
			);
			runOnlyForDeploymentPostprocessing = 0;
		};
/* End PBXSourcesBuildPhase section */

/* Begin PBXVariantGroup section */
		1127427D244148E200ED939B /* Main.storyboard */ = {
			isa = PBXVariantGroup;
			children = (
				1127427E244148E200ED939B /* Base */,
			);
			name = Main.storyboard;
			sourceTree = "<group>";
		};
		11274282244148E300ED939B /* LaunchScreen.storyboard */ = {
			isa = PBXVariantGroup;
			children = (
				11274283244148E300ED939B /* Base */,
			);
			name = LaunchScreen.storyboard;
			sourceTree = "<group>";
		};
/* End PBXVariantGroup section */

/* Begin XCBuildConfiguration section */
		11274286244148E300ED939B /* Debug */ = {
			isa = XCBuildConfiguration;
			buildSettings = {
				ALWAYS_SEARCH_USER_PATHS = NO;
				CLANG_ANALYZER_NONNULL = YES;
				CLANG_ANALYZER_NUMBER_OBJECT_CONVERSION = YES_AGGRESSIVE;
				CLANG_CXX_LANGUAGE_STANDARD = "gnu++14";
				CLANG_CXX_LIBRARY = "libc++";
				CLANG_ENABLE_MODULES = YES;
				CLANG_ENABLE_OBJC_ARC = YES;
				CLANG_ENABLE_OBJC_WEAK = YES;
				CLANG_WARN_BLOCK_CAPTURE_AUTORELEASING = YES;
				CLANG_WARN_BOOL_CONVERSION = YES;
				CLANG_WARN_COMMA = YES;
				CLANG_WARN_CONSTANT_CONVERSION = YES;
				CLANG_WARN_DEPRECATED_OBJC_IMPLEMENTATIONS = YES;
				CLANG_WARN_DIRECT_OBJC_ISA_USAGE = YES_ERROR;
				CLANG_WARN_DOCUMENTATION_COMMENTS = YES;
				CLANG_WARN_EMPTY_BODY = YES;
				CLANG_WARN_ENUM_CONVERSION = YES;
				CLANG_WARN_INFINITE_RECURSION = YES;
				CLANG_WARN_INT_CONVERSION = YES;
				CLANG_WARN_NON_LITERAL_NULL_CONVERSION = YES;
				CLANG_WARN_OBJC_IMPLICIT_RETAIN_SELF = YES;
				CLANG_WARN_OBJC_LITERAL_CONVERSION = YES;
				CLANG_WARN_OBJC_ROOT_CLASS = YES_ERROR;
				CLANG_WARN_RANGE_LOOP_ANALYSIS = YES;
				CLANG_WARN_STRICT_PROTOTYPES = YES;
				CLANG_WARN_SUSPICIOUS_MOVE = YES;
				CLANG_WARN_UNGUARDED_AVAILABILITY = YES_AGGRESSIVE;
				CLANG_WARN_UNREACHABLE_CODE = YES;
				CLANG_WARN__DUPLICATE_METHOD_MATCH = YES;
				COPY_PHASE_STRIP = NO;
				DEBUG_INFORMATION_FORMAT = dwarf;
				ENABLE_STRICT_OBJC_MSGSEND = YES;
				ENABLE_TESTABILITY = YES;
				GCC_C_LANGUAGE_STANDARD = gnu11;
				GCC_DYNAMIC_NO_PIC = NO;
				GCC_NO_COMMON_BLOCKS = YES;
				GCC_OPTIMIZATION_LEVEL = 0;
				GCC_PREPROCESSOR_DEFINITIONS = (
					"DEBUG=1",
					"$(inherited)",
				);
				GCC_WARN_64_TO_32_BIT_CONVERSION = YES;
				GCC_WARN_ABOUT_RETURN_TYPE = YES_ERROR;
				GCC_WARN_UNDECLARED_SELECTOR = YES;
				GCC_WARN_UNINITIALIZED_AUTOS = YES_AGGRESSIVE;
				GCC_WARN_UNUSED_FUNCTION = YES;
				GCC_WARN_UNUSED_VARIABLE = YES;
				IPHONEOS_DEPLOYMENT_TARGET = 13.4;
				MTL_ENABLE_DEBUG_INFO = INCLUDE_SOURCE;
				MTL_FAST_MATH = YES;
				ONLY_ACTIVE_ARCH = YES;
				SDKROOT = iphoneos;
				SWIFT_ACTIVE_COMPILATION_CONDITIONS = DEBUG;
				SWIFT_OPTIMIZATION_LEVEL = "-Onone";
			};
			name = Debug;
		};
		11274287244148E300ED939B /* Release */ = {
			isa = XCBuildConfiguration;
			buildSettings = {
				ALWAYS_SEARCH_USER_PATHS = NO;
				CLANG_ANALYZER_NONNULL = YES;
				CLANG_ANALYZER_NUMBER_OBJECT_CONVERSION = YES_AGGRESSIVE;
				CLANG_CXX_LANGUAGE_STANDARD = "gnu++14";
				CLANG_CXX_LIBRARY = "libc++";
				CLANG_ENABLE_MODULES = YES;
				CLANG_ENABLE_OBJC_ARC = YES;
				CLANG_ENABLE_OBJC_WEAK = YES;
				CLANG_WARN_BLOCK_CAPTURE_AUTORELEASING = YES;
				CLANG_WARN_BOOL_CONVERSION = YES;
				CLANG_WARN_COMMA = YES;
				CLANG_WARN_CONSTANT_CONVERSION = YES;
				CLANG_WARN_DEPRECATED_OBJC_IMPLEMENTATIONS = YES;
				CLANG_WARN_DIRECT_OBJC_ISA_USAGE = YES_ERROR;
				CLANG_WARN_DOCUMENTATION_COMMENTS = YES;
				CLANG_WARN_EMPTY_BODY = YES;
				CLANG_WARN_ENUM_CONVERSION = YES;
				CLANG_WARN_INFINITE_RECURSION = YES;
				CLANG_WARN_INT_CONVERSION = YES;
				CLANG_WARN_NON_LITERAL_NULL_CONVERSION = YES;
				CLANG_WARN_OBJC_IMPLICIT_RETAIN_SELF = YES;
				CLANG_WARN_OBJC_LITERAL_CONVERSION = YES;
				CLANG_WARN_OBJC_ROOT_CLASS = YES_ERROR;
				CLANG_WARN_RANGE_LOOP_ANALYSIS = YES;
				CLANG_WARN_STRICT_PROTOTYPES = YES;
				CLANG_WARN_SUSPICIOUS_MOVE = YES;
				CLANG_WARN_UNGUARDED_AVAILABILITY = YES_AGGRESSIVE;
				CLANG_WARN_UNREACHABLE_CODE = YES;
				CLANG_WARN__DUPLICATE_METHOD_MATCH = YES;
				COPY_PHASE_STRIP = NO;
				DEBUG_INFORMATION_FORMAT = "dwarf-with-dsym";
				ENABLE_NS_ASSERTIONS = NO;
				ENABLE_STRICT_OBJC_MSGSEND = YES;
				GCC_C_LANGUAGE_STANDARD = gnu11;
				GCC_NO_COMMON_BLOCKS = YES;
				GCC_WARN_64_TO_32_BIT_CONVERSION = YES;
				GCC_WARN_ABOUT_RETURN_TYPE = YES_ERROR;
				GCC_WARN_UNDECLARED_SELECTOR = YES;
				GCC_WARN_UNINITIALIZED_AUTOS = YES_AGGRESSIVE;
				GCC_WARN_UNUSED_FUNCTION = YES;
				GCC_WARN_UNUSED_VARIABLE = YES;
				IPHONEOS_DEPLOYMENT_TARGET = 13.4;
				MTL_ENABLE_DEBUG_INFO = NO;
				MTL_FAST_MATH = YES;
				SDKROOT = iphoneos;
				SWIFT_COMPILATION_MODE = wholemodule;
				SWIFT_OPTIMIZATION_LEVEL = "-O";
				VALIDATE_PRODUCT = YES;
			};
			name = Release;
		};
		11274289244148E300ED939B /* Debug */ = {
			isa = XCBuildConfiguration;
			buildSettings = {
				ASSETCATALOG_COMPILER_APPICON_NAME = AppIcon;
				CODE_SIGN_STYLE = Automatic;
				INFOPLIST_FILE = QuestionApp2/Info.plist;
				LD_RUNPATH_SEARCH_PATHS = (
					"$(inherited)",
					"@executable_path/Frameworks",
				);
				PRODUCT_BUNDLE_IDENTIFIER = com.yusukeudemy.QuestionApp2;
				PRODUCT_NAME = "$(TARGET_NAME)";
				SWIFT_VERSION = 5.0;
				TARGETED_DEVICE_FAMILY = 1;
			};
			name = Debug;
		};
		1127428A244148E300ED939B /* Release */ = {
			isa = XCBuildConfiguration;
			buildSettings = {
				ASSETCATALOG_COMPILER_APPICON_NAME = AppIcon;
				CODE_SIGN_STYLE = Automatic;
				INFOPLIST_FILE = QuestionApp2/Info.plist;
				LD_RUNPATH_SEARCH_PATHS = (
					"$(inherited)",
					"@executable_path/Frameworks",
				);
				PRODUCT_BUNDLE_IDENTIFIER = com.yusukeudemy.QuestionApp2;
				PRODUCT_NAME = "$(TARGET_NAME)";
				SWIFT_VERSION = 5.0;
				TARGETED_DEVICE_FAMILY = 1;
			};
			name = Release;
		};
/* End XCBuildConfiguration section */

/* Begin XCConfigurationList section */
		1127426F244148E200ED939B /* Build configuration list for PBXProject "QuestionApp2" */ = {
			isa = XCConfigurationList;
			buildConfigurations = (
				11274286244148E300ED939B /* Debug */,
				11274287244148E300ED939B /* Release */,
			);
			defaultConfigurationIsVisible = 0;
			defaultConfigurationName = Release;
		};
		11274288244148E300ED939B /* Build configuration list for PBXNativeTarget "QuestionApp2" */ = {
			isa = XCConfigurationList;
			buildConfigurations = (
				11274289244148E300ED939B /* Debug */,
				1127428A244148E300ED939B /* Release */,
			);
			defaultConfigurationIsVisible = 0;
			defaultConfigurationName = Release;
		};
/* End XCConfigurationList section */
	};
	rootObject = 1127426C244148E200ED939B /* Project object */;
}
