// !$*UTF8*$!
{
	archiveVersion = 1;
	classes = {
	};
	objectVersion = 51;
	objects = {

/* Begin PBXBuildFile section */
		111E51F624482D6F0079BCC3 /* AppDelegate.swift in Sources */ = {isa = PBXBuildFile; fileRef = 111E51F524482D6F0079BCC3 /* AppDelegate.swift */; };
		111E51F824482D6F0079BCC3 /* SceneDelegate.swift in Sources */ = {isa = PBXBuildFile; fileRef = 111E51F724482D6F0079BCC3 /* SceneDelegate.swift */; };
		111E51FA24482D6F0079BCC3 /* ViewController.swift in Sources */ = {isa = PBXBuildFile; fileRef = 111E51F924482D6F0079BCC3 /* ViewController.swift */; };
		111E51FD24482D6F0079BCC3 /* Main.storyboard in Resources */ = {isa = PBXBuildFile; fileRef = 111E51FB24482D6F0079BCC3 /* Main.storyboard */; };
		111E51FF24482D740079BCC3 /* Assets.xcassets in Resources */ = {isa = PBXBuildFile; fileRef = 111E51FE24482D740079BCC3 /* Assets.xcassets */; };
		111E520224482D740079BCC3 /* LaunchScreen.storyboard in Resources */ = {isa = PBXBuildFile; fileRef = 111E520024482D740079BCC3 /* LaunchScreen.storyboard */; };
		111E520A244831DA0079BCC3 /* GoogleService-Info.plist in Resources */ = {isa = PBXBuildFile; fileRef = 111E5209244831DA0079BCC3 /* GoogleService-Info.plist */; };
		111E522C24485A350079BCC3 /* NextViewController.swift in Sources */ = {isa = PBXBuildFile; fileRef = 111E522B24485A350079BCC3 /* NextViewController.swift */; };
		C0EEC9CC19D0C3B6A3805649 /* Pods_Swift5FacebookLoginWithFirebase1.framework in Frameworks */ = {isa = PBXBuildFile; fileRef = 963D993292B8665BCFBE25E4 /* Pods_Swift5FacebookLoginWithFirebase1.framework */; };
/* End PBXBuildFile section */

/* Begin PBXFileReference section */
		111E51F224482D6F0079BCC3 /* Swift5FacebookLoginWithFirebase1.app */ = {isa = PBXFileReference; explicitFileType = wrapper.application; includeInIndex = 0; path = Swift5FacebookLoginWithFirebase1.app; sourceTree = BUILT_PRODUCTS_DIR; };
		111E51F524482D6F0079BCC3 /* AppDelegate.swift */ = {isa = PBXFileReference; lastKnownFileType = sourcecode.swift; path = AppDelegate.swift; sourceTree = "<group>"; };
		111E51F724482D6F0079BCC3 /* SceneDelegate.swift */ = {isa = PBXFileReference; lastKnownFileType = sourcecode.swift; path = SceneDelegate.swift; sourceTree = "<group>"; };
		111E51F924482D6F0079BCC3 /* ViewController.swift */ = {isa = PBXFileReference; lastKnownFileType = sourcecode.swift; path = ViewController.swift; sourceTree = "<group>"; };
		111E51FC24482D6F0079BCC3 /* Base */ = {isa = PBXFileReference; lastKnownFileType = file.storyboard; name = Base; path = Base.lproj/Main.storyboard; sourceTree = "<group>"; };
		111E51FE24482D740079BCC3 /* Assets.xcassets */ = {isa = PBXFileReference; lastKnownFileType = folder.assetcatalog; path = Assets.xcassets; sourceTree = "<group>"; };
		111E520124482D740079BCC3 /* Base */ = {isa = PBXFileReference; lastKnownFileType = file.storyboard; name = Base; path = Base.lproj/LaunchScreen.storyboard; sourceTree = "<group>"; };
		111E520324482D740079BCC3 /* Info.plist */ = {isa = PBXFileReference; lastKnownFileType = text.plist.xml; path = Info.plist; sourceTree = "<group>"; };
		111E5209244831DA0079BCC3 /* GoogleService-Info.plist */ = {isa = PBXFileReference; fileEncoding = 4; lastKnownFileType = text.plist.xml; path = "GoogleService-Info.plist"; sourceTree = "<group>"; };
		111E522B24485A350079BCC3 /* NextViewController.swift */ = {isa = PBXFileReference; lastKnownFileType = sourcecode.swift; path = NextViewController.swift; sourceTree = "<group>"; };
		11527A6824493B90008EA4AA /* ja */ = {isa = PBXFileReference; lastKnownFileType = text.plist.strings; name = ja; path = ja.lproj/Main.strings; sourceTree = "<group>"; };
		11527A6924493B91008EA4AA /* ja */ = {isa = PBXFileReference; lastKnownFileType = text.plist.strings; name = ja; path = ja.lproj/LaunchScreen.strings; sourceTree = "<group>"; };
		336EFC07D9F61209F84F7A7A /* Pods-Swift5FacebookLoginWithFirebase1.release.xcconfig */ = {isa = PBXFileReference; includeInIndex = 1; lastKnownFileType = text.xcconfig; name = "Pods-Swift5FacebookLoginWithFirebase1.release.xcconfig"; path = "Target Support Files/Pods-Swift5FacebookLoginWithFirebase1/Pods-Swift5FacebookLoginWithFirebase1.release.xcconfig"; sourceTree = "<group>"; };
		6200A13689094A6E68DE4BD0 /* Pods-Swift5FacebookLoginWithFirebase1.debug.xcconfig */ = {isa = PBXFileReference; includeInIndex = 1; lastKnownFileType = text.xcconfig; name = "Pods-Swift5FacebookLoginWithFirebase1.debug.xcconfig"; path = "Target Support Files/Pods-Swift5FacebookLoginWithFirebase1/Pods-Swift5FacebookLoginWithFirebase1.debug.xcconfig"; sourceTree = "<group>"; };
		963D993292B8665BCFBE25E4 /* Pods_Swift5FacebookLoginWithFirebase1.framework */ = {isa = PBXFileReference; explicitFileType = wrapper.framework; includeInIndex = 0; path = Pods_Swift5FacebookLoginWithFirebase1.framework; sourceTree = BUILT_PRODUCTS_DIR; };
/* End PBXFileReference section */

/* Begin PBXFrameworksBuildPhase section */
		111E51EF24482D6F0079BCC3 /* Frameworks */ = {
			isa = PBXFrameworksBuildPhase;
			buildActionMask = 2147483647;
			files = (
				C0EEC9CC19D0C3B6A3805649 /* Pods_Swift5FacebookLoginWithFirebase1.framework in Frameworks */,
			);
			runOnlyForDeploymentPostprocessing = 0;
		};
/* End PBXFrameworksBuildPhase section */

/* Begin PBXGroup section */
		111E51E924482D6F0079BCC3 = {
			isa = PBXGroup;
			children = (
				111E51F424482D6F0079BCC3 /* Swift5FacebookLoginWithFirebase1 */,
				111E51F324482D6F0079BCC3 /* Products */,
				AD1F90196F6D18DFE9966500 /* Pods */,
				B9D65AF8A98BA9C06C5F3C5B /* Frameworks */,
			);
			sourceTree = "<group>";
		};
		111E51F324482D6F0079BCC3 /* Products */ = {
			isa = PBXGroup;
			children = (
				111E51F224482D6F0079BCC3 /* Swift5FacebookLoginWithFirebase1.app */,
			);
			name = Products;
			sourceTree = "<group>";
		};
		111E51F424482D6F0079BCC3 /* Swift5FacebookLoginWithFirebase1 */ = {
			isa = PBXGroup;
			children = (
				111E51F524482D6F0079BCC3 /* AppDelegate.swift */,
				111E51F724482D6F0079BCC3 /* SceneDelegate.swift */,
				111E51F924482D6F0079BCC3 /* ViewController.swift */,
				111E522B24485A350079BCC3 /* NextViewController.swift */,
				111E51FB24482D6F0079BCC3 /* Main.storyboard */,
				111E51FE24482D740079BCC3 /* Assets.xcassets */,
				111E520024482D740079BCC3 /* LaunchScreen.storyboard */,
				111E5209244831DA0079BCC3 /* GoogleService-Info.plist */,
				111E520324482D740079BCC3 /* Info.plist */,
			);
			path = Swift5FacebookLoginWithFirebase1;
			sourceTree = "<group>";
		};
		AD1F90196F6D18DFE9966500 /* Pods */ = {
			isa = PBXGroup;
			children = (
				6200A13689094A6E68DE4BD0 /* Pods-Swift5FacebookLoginWithFirebase1.debug.xcconfig */,
				336EFC07D9F61209F84F7A7A /* Pods-Swift5FacebookLoginWithFirebase1.release.xcconfig */,
			);
			path = Pods;
			sourceTree = "<group>";
		};
		B9D65AF8A98BA9C06C5F3C5B /* Frameworks */ = {
			isa = PBXGroup;
			children = (
				963D993292B8665BCFBE25E4 /* Pods_Swift5FacebookLoginWithFirebase1.framework */,
			);
			name = Frameworks;
			sourceTree = "<group>";
		};
/* End PBXGroup section */

/* Begin PBXNativeTarget section */
		111E51F124482D6F0079BCC3 /* Swift5FacebookLoginWithFirebase1 */ = {
			isa = PBXNativeTarget;
			buildConfigurationList = 111E520624482D740079BCC3 /* Build configuration list for PBXNativeTarget "Swift5FacebookLoginWithFirebase1" */;
			buildPhases = (
				8D1097FA24F2ACD33F271CDD /* [CP] Check Pods Manifest.lock */,
				111E51EE24482D6F0079BCC3 /* Sources */,
				111E51EF24482D6F0079BCC3 /* Frameworks */,
				111E51F024482D6F0079BCC3 /* Resources */,
				131A75040267BA8A8FC8C230 /* [CP] Embed Pods Frameworks */,
			);
			buildRules = (
			);
			dependencies = (
			);
			name = Swift5FacebookLoginWithFirebase1;
			productName = Swift5FacebookLoginWithFirebase1;
			productReference = 111E51F224482D6F0079BCC3 /* Swift5FacebookLoginWithFirebase1.app */;
			productType = "com.apple.product-type.application";
		};
/* End PBXNativeTarget section */

/* Begin PBXProject section */
		111E51EA24482D6F0079BCC3 /* Project object */ = {
			isa = PBXProject;
			attributes = {
				LastSwiftUpdateCheck = 1140;
				LastUpgradeCheck = 1140;
				ORGANIZATIONNAME = "Yusuke Kawabata";
				TargetAttributes = {
					111E51F124482D6F0079BCC3 = {
						CreatedOnToolsVersion = 11.4;
					};
				};
			};
			buildConfigurationList = 111E51ED24482D6F0079BCC3 /* Build configuration list for PBXProject "Swift5FacebookLoginWithFirebase1" */;
			compatibilityVersion = "Xcode 9.3";
			developmentRegion = en;
			hasScannedForEncodings = 0;
			knownRegions = (
				en,
				Base,
				ja,
			);
			mainGroup = 111E51E924482D6F0079BCC3;
			productRefGroup = 111E51F324482D6F0079BCC3 /* Products */;
			projectDirPath = "";
			projectRoot = "";
			targets = (
				111E51F124482D6F0079BCC3 /* Swift5FacebookLoginWithFirebase1 */,
			);
		};
/* End PBXProject section */

/* Begin PBXResourcesBuildPhase section */
		111E51F024482D6F0079BCC3 /* Resources */ = {
			isa = PBXResourcesBuildPhase;
			buildActionMask = 2147483647;
			files = (
				111E520224482D740079BCC3 /* LaunchScreen.storyboard in Resources */,
				111E51FF24482D740079BCC3 /* Assets.xcassets in Resources */,
				111E51FD24482D6F0079BCC3 /* Main.storyboard in Resources */,
				111E520A244831DA0079BCC3 /* GoogleService-Info.plist in Resources */,
			);
			runOnlyForDeploymentPostprocessing = 0;
		};
/* End PBXResourcesBuildPhase section */

/* Begin PBXShellScriptBuildPhase section */
		131A75040267BA8A8FC8C230 /* [CP] Embed Pods Frameworks */ = {
			isa = PBXShellScriptBuildPhase;
			buildActionMask = 2147483647;
			files = (
			);
			inputFileListPaths = (
				"${PODS_ROOT}/Target Support Files/Pods-Swift5FacebookLoginWithFirebase1/Pods-Swift5FacebookLoginWithFirebase1-frameworks-${CONFIGURATION}-input-files.xcfilelist",
			);
			name = "[CP] Embed Pods Frameworks";
			outputFileListPaths = (
				"${PODS_ROOT}/Target Support Files/Pods-Swift5FacebookLoginWithFirebase1/Pods-Swift5FacebookLoginWithFirebase1-frameworks-${CONFIGURATION}-output-files.xcfilelist",
			);
			runOnlyForDeploymentPostprocessing = 0;
			shellPath = /bin/sh;
			shellScript = "\"${PODS_ROOT}/Target Support Files/Pods-Swift5FacebookLoginWithFirebase1/Pods-Swift5FacebookLoginWithFirebase1-frameworks.sh\"\n";
			showEnvVarsInLog = 0;
		};
		8D1097FA24F2ACD33F271CDD /* [CP] Check Pods Manifest.lock */ = {
			isa = PBXShellScriptBuildPhase;
			buildActionMask = 2147483647;
			files = (
			);
			inputFileListPaths = (
			);
			inputPaths = (
				"${PODS_PODFILE_DIR_PATH}/Podfile.lock",
				"${PODS_ROOT}/Manifest.lock",
			);
			name = "[CP] Check Pods Manifest.lock";
			outputFileListPaths = (
			);
			outputPaths = (
				"$(DERIVED_FILE_DIR)/Pods-Swift5FacebookLoginWithFirebase1-checkManifestLockResult.txt",
			);
			runOnlyForDeploymentPostprocessing = 0;
			shellPath = /bin/sh;
			shellScript = "diff \"${PODS_PODFILE_DIR_PATH}/Podfile.lock\" \"${PODS_ROOT}/Manifest.lock\" > /dev/null\nif [ $? != 0 ] ; then\n    # print error to STDERR\n    echo \"error: The sandbox is not in sync with the Podfile.lock. Run 'pod install' or update your CocoaPods installation.\" >&2\n    exit 1\nfi\n# This output is used by Xcode 'outputs' to avoid re-running this script phase.\necho \"SUCCESS\" > \"${SCRIPT_OUTPUT_FILE_0}\"\n";
			showEnvVarsInLog = 0;
		};
/* End PBXShellScriptBuildPhase section */

/* Begin PBXSourcesBuildPhase section */
		111E51EE24482D6F0079BCC3 /* Sources */ = {
			isa = PBXSourcesBuildPhase;
			buildActionMask = 2147483647;
			files = (
				111E51FA24482D6F0079BCC3 /* ViewController.swift in Sources */,
				111E522C24485A350079BCC3 /* NextViewController.swift in Sources */,
				111E51F624482D6F0079BCC3 /* AppDelegate.swift in Sources */,
				111E51F824482D6F0079BCC3 /* SceneDelegate.swift in Sources */,
			);
			runOnlyForDeploymentPostprocessing = 0;
		};
/* End PBXSourcesBuildPhase section */

/* Begin PBXVariantGroup section */
		111E51FB24482D6F0079BCC3 /* Main.storyboard */ = {
			isa = PBXVariantGroup;
			children = (
				111E51FC24482D6F0079BCC3 /* Base */,
				11527A6824493B90008EA4AA /* ja */,
			);
			name = Main.storyboard;
			sourceTree = "<group>";
		};
		111E520024482D740079BCC3 /* LaunchScreen.storyboard */ = {
			isa = PBXVariantGroup;
			children = (
				111E520124482D740079BCC3 /* Base */,
				11527A6924493B91008EA4AA /* ja */,
			);
			name = LaunchScreen.storyboard;
			sourceTree = "<group>";
		};
/* End PBXVariantGroup section */

/* Begin XCBuildConfiguration section */
		111E520424482D740079BCC3 /* Debug */ = {
			isa = XCBuildConfiguration;
			buildSettings = {
				ALWAYS_SEARCH_USER_PATHS = NO;
				CLANG_ANALYZER_LOCALIZABILITY_NONLOCALIZED = YES;
				CLANG_ANALYZER_NONNULL = YES;
				CLANG_ANALYZER_NUMBER_OBJECT_CONVERSION = YES_AGGRESSIVE;
				CLANG_CXX_LANGUAGE_STANDARD = "gnu++14";
				CLANG_CXX_LIBRARY = "libc++";
				CLANG_ENABLE_MODULES = YES;
				CLANG_ENABLE_OBJC_ARC = YES;
				CLANG_ENABLE_OBJC_WEAK = YES;
				CLANG_WARN_BLOCK_CAPTURE_AUTORELEASING = YES;
				CLANG_WARN_BOOL_CONVERSION = YES;
				CLANG_WARN_COMMA = YES;
				CLANG_WARN_CONSTANT_CONVERSION = YES;
				CLANG_WARN_DEPRECATED_OBJC_IMPLEMENTATIONS = YES;
				CLANG_WARN_DIRECT_OBJC_ISA_USAGE = YES_ERROR;
				CLANG_WARN_DOCUMENTATION_COMMENTS = YES;
				CLANG_WARN_EMPTY_BODY = YES;
				CLANG_WARN_ENUM_CONVERSION = YES;
				CLANG_WARN_INFINITE_RECURSION = YES;
				CLANG_WARN_INT_CONVERSION = YES;
				CLANG_WARN_NON_LITERAL_NULL_CONVERSION = YES;
				CLANG_WARN_OBJC_IMPLICIT_RETAIN_SELF = YES;
				CLANG_WARN_OBJC_LITERAL_CONVERSION = YES;
				CLANG_WARN_OBJC_ROOT_CLASS = YES_ERROR;
				CLANG_WARN_RANGE_LOOP_ANALYSIS = YES;
				CLANG_WARN_STRICT_PROTOTYPES = YES;
				CLANG_WARN_SUSPICIOUS_MOVE = YES;
				CLANG_WARN_UNGUARDED_AVAILABILITY = YES_AGGRESSIVE;
				CLANG_WARN_UNREACHABLE_CODE = YES;
				CLANG_WARN__DUPLICATE_METHOD_MATCH = YES;
				COPY_PHASE_STRIP = NO;
				DEBUG_INFORMATION_FORMAT = dwarf;
				ENABLE_STRICT_OBJC_MSGSEND = YES;
				ENABLE_TESTABILITY = YES;
				GCC_C_LANGUAGE_STANDARD = gnu11;
				GCC_DYNAMIC_NO_PIC = NO;
				GCC_NO_COMMON_BLOCKS = YES;
				GCC_OPTIMIZATION_LEVEL = 0;
				GCC_PREPROCESSOR_DEFINITIONS = (
					"DEBUG=1",
					"$(inherited)",
				);
				GCC_WARN_64_TO_32_BIT_CONVERSION = YES;
				GCC_WARN_ABOUT_RETURN_TYPE = YES_ERROR;
				GCC_WARN_UNDECLARED_SELECTOR = YES;
				GCC_WARN_UNINITIALIZED_AUTOS = YES_AGGRESSIVE;
				GCC_WARN_UNUSED_FUNCTION = YES;
				GCC_WARN_UNUSED_VARIABLE = YES;
				IPHONEOS_DEPLOYMENT_TARGET = 13.4;
				MTL_ENABLE_DEBUG_INFO = INCLUDE_SOURCE;
				MTL_FAST_MATH = YES;
				ONLY_ACTIVE_ARCH = YES;
				SDKROOT = iphoneos;
				SWIFT_ACTIVE_COMPILATION_CONDITIONS = DEBUG;
				SWIFT_OPTIMIZATION_LEVEL = "-Onone";
			};
			name = Debug;
		};
		111E520524482D740079BCC3 /* Release */ = {
			isa = XCBuildConfiguration;
			buildSettings = {
				ALWAYS_SEARCH_USER_PATHS = NO;
				CLANG_ANALYZER_LOCALIZABILITY_NONLOCALIZED = YES;
				CLANG_ANALYZER_NONNULL = YES;
				CLANG_ANALYZER_NUMBER_OBJECT_CONVERSION = YES_AGGRESSIVE;
				CLANG_CXX_LANGUAGE_STANDARD = "gnu++14";
				CLANG_CXX_LIBRARY = "libc++";
				CLANG_ENABLE_MODULES = YES;
				CLANG_ENABLE_OBJC_ARC = YES;
				CLANG_ENABLE_OBJC_WEAK = YES;
				CLANG_WARN_BLOCK_CAPTURE_AUTORELEASING = YES;
				CLANG_WARN_BOOL_CONVERSION = YES;
				CLANG_WARN_COMMA = YES;
				CLANG_WARN_CONSTANT_CONVERSION = YES;
				CLANG_WARN_DEPRECATED_OBJC_IMPLEMENTATIONS = YES;
				CLANG_WARN_DIRECT_OBJC_ISA_USAGE = YES_ERROR;
				CLANG_WARN_DOCUMENTATION_COMMENTS = YES;
				CLANG_WARN_EMPTY_BODY = YES;
				CLANG_WARN_ENUM_CONVERSION = YES;
				CLANG_WARN_INFINITE_RECURSION = YES;
				CLANG_WARN_INT_CONVERSION = YES;
				CLANG_WARN_NON_LITERAL_NULL_CONVERSION = YES;
				CLANG_WARN_OBJC_IMPLICIT_RETAIN_SELF = YES;
				CLANG_WARN_OBJC_LITERAL_CONVERSION = YES;
				CLANG_WARN_OBJC_ROOT_CLASS = YES_ERROR;
				CLANG_WARN_RANGE_LOOP_ANALYSIS = YES;
				CLANG_WARN_STRICT_PROTOTYPES = YES;
				CLANG_WARN_SUSPICIOUS_MOVE = YES;
				CLANG_WARN_UNGUARDED_AVAILABILITY = YES_AGGRESSIVE;
				CLANG_WARN_UNREACHABLE_CODE = YES;
				CLANG_WARN__DUPLICATE_METHOD_MATCH = YES;
				COPY_PHASE_STRIP = NO;
				DEBUG_INFORMATION_FORMAT = "dwarf-with-dsym";
				ENABLE_NS_ASSERTIONS = NO;
				ENABLE_STRICT_OBJC_MSGSEND = YES;
				GCC_C_LANGUAGE_STANDARD = gnu11;
				GCC_NO_COMMON_BLOCKS = YES;
				GCC_WARN_64_TO_32_BIT_CONVERSION = YES;
				GCC_WARN_ABOUT_RETURN_TYPE = YES_ERROR;
				GCC_WARN_UNDECLARED_SELECTOR = YES;
				GCC_WARN_UNINITIALIZED_AUTOS = YES_AGGRESSIVE;
				GCC_WARN_UNUSED_FUNCTION = YES;
				GCC_WARN_UNUSED_VARIABLE = YES;
				IPHONEOS_DEPLOYMENT_TARGET = 13.4;
				MTL_ENABLE_DEBUG_INFO = NO;
				MTL_FAST_MATH = YES;
				SDKROOT = iphoneos;
				SWIFT_COMPILATION_MODE = wholemodule;
				SWIFT_OPTIMIZATION_LEVEL = "-O";
				VALIDATE_PRODUCT = YES;
			};
			name = Release;
		};
		111E520724482D740079BCC3 /* Debug */ = {
			isa = XCBuildConfiguration;
			baseConfigurationReference = 6200A13689094A6E68DE4BD0 /* Pods-Swift5FacebookLoginWithFirebase1.debug.xcconfig */;
			buildSettings = {
				ASSETCATALOG_COMPILER_APPICON_NAME = AppIcon;
				CODE_SIGN_STYLE = Automatic;
				INFOPLIST_FILE = Swift5FacebookLoginWithFirebase1/Info.plist;
				LD_RUNPATH_SEARCH_PATHS = (
					"$(inherited)",
					"@executable_path/Frameworks",
				);
				PRODUCT_BUNDLE_IDENTIFIER = com.yusukeudemy.Swift5FacebookLoginWithFirebase1;
				PRODUCT_NAME = "$(TARGET_NAME)";
				SWIFT_VERSION = 5.0;
				TARGETED_DEVICE_FAMILY = 1;
			};
			name = Debug;
		};
		111E520824482D740079BCC3 /* Release */ = {
			isa = XCBuildConfiguration;
			baseConfigurationReference = 336EFC07D9F61209F84F7A7A /* Pods-Swift5FacebookLoginWithFirebase1.release.xcconfig */;
			buildSettings = {
				ASSETCATALOG_COMPILER_APPICON_NAME = AppIcon;
				CODE_SIGN_STYLE = Automatic;
				INFOPLIST_FILE = Swift5FacebookLoginWithFirebase1/Info.plist;
				LD_RUNPATH_SEARCH_PATHS = (
					"$(inherited)",
					"@executable_path/Frameworks",
				);
				PRODUCT_BUNDLE_IDENTIFIER = com.yusukeudemy.Swift5FacebookLoginWithFirebase1;
				PRODUCT_NAME = "$(TARGET_NAME)";
				SWIFT_VERSION = 5.0;
				TARGETED_DEVICE_FAMILY = 1;
			};
			name = Release;
		};
/* End XCBuildConfiguration section */

/* Begin XCConfigurationList section */
		111E51ED24482D6F0079BCC3 /* Build configuration list for PBXProject "Swift5FacebookLoginWithFirebase1" */ = {
			isa = XCConfigurationList;
			buildConfigurations = (
				111E520424482D740079BCC3 /* Debug */,
				111E520524482D740079BCC3 /* Release */,
			);
			defaultConfigurationIsVisible = 0;
			defaultConfigurationName = Release;
		};
		111E520624482D740079BCC3 /* Build configuration list for PBXNativeTarget "Swift5FacebookLoginWithFirebase1" */ = {
			isa = XCConfigurationList;
			buildConfigurations = (
				111E520724482D740079BCC3 /* Debug */,
				111E520824482D740079BCC3 /* Release */,
			);
			defaultConfigurationIsVisible = 0;
			defaultConfigurationName = Release;
		};
/* End XCConfigurationList section */
	};
	rootObject = 111E51EA24482D6F0079BCC3 /* Project object */;
}
