// !$*UTF8*$!
{
	archiveVersion = 1;
	classes = {
	};
	objectVersion = 51;
	objects = {

/* Begin PBXBuildFile section */
		115FB099244A8F5B00A2EB6E /* AppDelegate.swift in Sources */ = {isa = PBXBuildFile; fileRef = 115FB098244A8F5B00A2EB6E /* AppDelegate.swift */; };
		115FB09B244A8F5B00A2EB6E /* SceneDelegate.swift in Sources */ = {isa = PBXBuildFile; fileRef = 115FB09A244A8F5B00A2EB6E /* SceneDelegate.swift */; };
		115FB09D244A8F5B00A2EB6E /* ViewController.swift in Sources */ = {isa = PBXBuildFile; fileRef = 115FB09C244A8F5B00A2EB6E /* ViewController.swift */; };
		115FB0A0244A8F5B00A2EB6E /* Main.storyboard in Resources */ = {isa = PBXBuildFile; fileRef = 115FB09E244A8F5B00A2EB6E /* Main.storyboard */; };
		115FB0A2244A8F6000A2EB6E /* Assets.xcassets in Resources */ = {isa = PBXBuildFile; fileRef = 115FB0A1244A8F6000A2EB6E /* Assets.xcassets */; };
		115FB0A5244A8F6000A2EB6E /* LaunchScreen.storyboard in Resources */ = {isa = PBXBuildFile; fileRef = 115FB0A3244A8F6000A2EB6E /* LaunchScreen.storyboard */; };
		115FB0B1244A99A000A2EB6E /* RegisterViewController.swift in Sources */ = {isa = PBXBuildFile; fileRef = 115FB0B0244A99A000A2EB6E /* RegisterViewController.swift */; };
		115FB0B3244AA2B000A2EB6E /* ChatViewController.swift in Sources */ = {isa = PBXBuildFile; fileRef = 115FB0B2244AA2B000A2EB6E /* ChatViewController.swift */; };
		115FB0B5244AA3BE00A2EB6E /* LoginViewController.swift in Sources */ = {isa = PBXBuildFile; fileRef = 115FB0B4244AA3BE00A2EB6E /* LoginViewController.swift */; };
		115FB0B8244AA5C000A2EB6E /* CustomCellTableViewCell.swift in Sources */ = {isa = PBXBuildFile; fileRef = 115FB0B6244AA5C000A2EB6E /* CustomCellTableViewCell.swift */; };
		115FB0B9244AA5C000A2EB6E /* CustomCellTableViewCell.xib in Resources */ = {isa = PBXBuildFile; fileRef = 115FB0B7244AA5C000A2EB6E /* CustomCellTableViewCell.xib */; };
		11BB9CF1244AE1BA00B59E4F /* Message.swift in Sources */ = {isa = PBXBuildFile; fileRef = 11BB9CF0244AE1BA00B59E4F /* Message.swift */; };
		F30645596AFEC69DA54C5A2A /* Pods_ChatApp1.framework in Frameworks */ = {isa = PBXBuildFile; fileRef = C011E3733444EC3F580D4D13 /* Pods_ChatApp1.framework */; };
/* End PBXBuildFile section */

/* Begin PBXFileReference section */
		115FB095244A8F5B00A2EB6E /* ChatApp1.app */ = {isa = PBXFileReference; explicitFileType = wrapper.application; includeInIndex = 0; path = ChatApp1.app; sourceTree = BUILT_PRODUCTS_DIR; };
		115FB098244A8F5B00A2EB6E /* AppDelegate.swift */ = {isa = PBXFileReference; lastKnownFileType = sourcecode.swift; path = AppDelegate.swift; sourceTree = "<group>"; };
		115FB09A244A8F5B00A2EB6E /* SceneDelegate.swift */ = {isa = PBXFileReference; lastKnownFileType = sourcecode.swift; path = SceneDelegate.swift; sourceTree = "<group>"; };
		115FB09C244A8F5B00A2EB6E /* ViewController.swift */ = {isa = PBXFileReference; lastKnownFileType = sourcecode.swift; path = ViewController.swift; sourceTree = "<group>"; };
		115FB09F244A8F5B00A2EB6E /* Base */ = {isa = PBXFileReference; lastKnownFileType = file.storyboard; name = Base; path = Base.lproj/Main.storyboard; sourceTree = "<group>"; };
		115FB0A1244A8F6000A2EB6E /* Assets.xcassets */ = {isa = PBXFileReference; lastKnownFileType = folder.assetcatalog; path = Assets.xcassets; sourceTree = "<group>"; };
		115FB0A4244A8F6000A2EB6E /* Base */ = {isa = PBXFileReference; lastKnownFileType = file.storyboard; name = Base; path = Base.lproj/LaunchScreen.storyboard; sourceTree = "<group>"; };
		115FB0A6244A8F6000A2EB6E /* Info.plist */ = {isa = PBXFileReference; lastKnownFileType = text.plist.xml; path = Info.plist; sourceTree = "<group>"; };
		115FB0B0244A99A000A2EB6E /* RegisterViewController.swift */ = {isa = PBXFileReference; lastKnownFileType = sourcecode.swift; path = RegisterViewController.swift; sourceTree = "<group>"; };
		115FB0B2244AA2B000A2EB6E /* ChatViewController.swift */ = {isa = PBXFileReference; lastKnownFileType = sourcecode.swift; path = ChatViewController.swift; sourceTree = "<group>"; };
		115FB0B4244AA3BE00A2EB6E /* LoginViewController.swift */ = {isa = PBXFileReference; lastKnownFileType = sourcecode.swift; path = LoginViewController.swift; sourceTree = "<group>"; };
		115FB0B6244AA5C000A2EB6E /* CustomCellTableViewCell.swift */ = {isa = PBXFileReference; lastKnownFileType = sourcecode.swift; path = CustomCellTableViewCell.swift; sourceTree = "<group>"; };
		115FB0B7244AA5C000A2EB6E /* CustomCellTableViewCell.xib */ = {isa = PBXFileReference; lastKnownFileType = file.xib; path = CustomCellTableViewCell.xib; sourceTree = "<group>"; };
		11BB9CF0244AE1BA00B59E4F /* Message.swift */ = {isa = PBXFileReference; lastKnownFileType = sourcecode.swift; path = Message.swift; sourceTree = "<group>"; };
		6EC160DD1DC49C268C4A168E /* Pods-ChatApp1.debug.xcconfig */ = {isa = PBXFileReference; includeInIndex = 1; lastKnownFileType = text.xcconfig; name = "Pods-ChatApp1.debug.xcconfig"; path = "Target Support Files/Pods-ChatApp1/Pods-ChatApp1.debug.xcconfig"; sourceTree = "<group>"; };
		8474E7EA5E02D86CC0DB7E90 /* Pods-ChatApp1.release.xcconfig */ = {isa = PBXFileReference; includeInIndex = 1; lastKnownFileType = text.xcconfig; name = "Pods-ChatApp1.release.xcconfig"; path = "Target Support Files/Pods-ChatApp1/Pods-ChatApp1.release.xcconfig"; sourceTree = "<group>"; };
		C011E3733444EC3F580D4D13 /* Pods_ChatApp1.framework */ = {isa = PBXFileReference; explicitFileType = wrapper.framework; includeInIndex = 0; path = Pods_ChatApp1.framework; sourceTree = BUILT_PRODUCTS_DIR; };
/* End PBXFileReference section */

/* Begin PBXFrameworksBuildPhase section */
		115FB092244A8F5B00A2EB6E /* Frameworks */ = {
			isa = PBXFrameworksBuildPhase;
			buildActionMask = 2147483647;
			files = (
				F30645596AFEC69DA54C5A2A /* Pods_ChatApp1.framework in Frameworks */,
			);
			runOnlyForDeploymentPostprocessing = 0;
		};
/* End PBXFrameworksBuildPhase section */

/* Begin PBXGroup section */
		115FB08C244A8F5B00A2EB6E = {
			isa = PBXGroup;
			children = (
				115FB097244A8F5B00A2EB6E /* ChatApp1 */,
				115FB096244A8F5B00A2EB6E /* Products */,
				2C31CFEAEC0D45B7D10F38FE /* Pods */,
				AED515CD8FCD67C3CDA851AD /* Frameworks */,
			);
			sourceTree = "<group>";
		};
		115FB096244A8F5B00A2EB6E /* Products */ = {
			isa = PBXGroup;
			children = (
				115FB095244A8F5B00A2EB6E /* ChatApp1.app */,
			);
			name = Products;
			sourceTree = "<group>";
		};
		115FB097244A8F5B00A2EB6E /* ChatApp1 */ = {
			isa = PBXGroup;
			children = (
				115FB0AF244A990500A2EB6E /* Model */,
				115FB0AE244A990000A2EB6E /* View */,
				115FB0AD244A98EF00A2EB6E /* Controller */,
				115FB0A3244A8F6000A2EB6E /* LaunchScreen.storyboard */,
				115FB0A6244A8F6000A2EB6E /* Info.plist */,
			);
			path = ChatApp1;
			sourceTree = "<group>";
		};
		115FB0AD244A98EF00A2EB6E /* Controller */ = {
			isa = PBXGroup;
			children = (
				115FB098244A8F5B00A2EB6E /* AppDelegate.swift */,
				115FB09A244A8F5B00A2EB6E /* SceneDelegate.swift */,
				115FB09C244A8F5B00A2EB6E /* ViewController.swift */,
				115FB0B0244A99A000A2EB6E /* RegisterViewController.swift */,
				115FB0B2244AA2B000A2EB6E /* ChatViewController.swift */,
				115FB0B4244AA3BE00A2EB6E /* LoginViewController.swift */,
			);
			path = Controller;
			sourceTree = "<group>";
		};
		115FB0AE244A990000A2EB6E /* View */ = {
			isa = PBXGroup;
			children = (
				115FB09E244A8F5B00A2EB6E /* Main.storyboard */,
				115FB0A1244A8F6000A2EB6E /* Assets.xcassets */,
				115FB0B6244AA5C000A2EB6E /* CustomCellTableViewCell.swift */,
				115FB0B7244AA5C000A2EB6E /* CustomCellTableViewCell.xib */,
			);
			path = View;
			sourceTree = "<group>";
		};
		115FB0AF244A990500A2EB6E /* Model */ = {
			isa = PBXGroup;
			children = (
				11BB9CF0244AE1BA00B59E4F /* Message.swift */,
			);
			path = Model;
			sourceTree = "<group>";
		};
		2C31CFEAEC0D45B7D10F38FE /* Pods */ = {
			isa = PBXGroup;
			children = (
				6EC160DD1DC49C268C4A168E /* Pods-ChatApp1.debug.xcconfig */,
				8474E7EA5E02D86CC0DB7E90 /* Pods-ChatApp1.release.xcconfig */,
			);
			path = Pods;
			sourceTree = "<group>";
		};
		AED515CD8FCD67C3CDA851AD /* Frameworks */ = {
			isa = PBXGroup;
			children = (
				C011E3733444EC3F580D4D13 /* Pods_ChatApp1.framework */,
			);
			name = Frameworks;
			sourceTree = "<group>";
		};
/* End PBXGroup section */

/* Begin PBXNativeTarget section */
		115FB094244A8F5B00A2EB6E /* ChatApp1 */ = {
			isa = PBXNativeTarget;
			buildConfigurationList = 115FB0A9244A8F6000A2EB6E /* Build configuration list for PBXNativeTarget "ChatApp1" */;
			buildPhases = (
				C1F584B32175D9090C73F7BE /* [CP] Check Pods Manifest.lock */,
				115FB091244A8F5B00A2EB6E /* Sources */,
				115FB092244A8F5B00A2EB6E /* Frameworks */,
				115FB093244A8F5B00A2EB6E /* Resources */,
				E077DAC420860DD1DF918889 /* [CP] Embed Pods Frameworks */,
			);
			buildRules = (
			);
			dependencies = (
			);
			name = ChatApp1;
			productName = ChatApp1;
			productReference = 115FB095244A8F5B00A2EB6E /* ChatApp1.app */;
			productType = "com.apple.product-type.application";
		};
/* End PBXNativeTarget section */

/* Begin PBXProject section */
		115FB08D244A8F5B00A2EB6E /* Project object */ = {
			isa = PBXProject;
			attributes = {
				LastSwiftUpdateCheck = 1140;
				LastUpgradeCheck = 1140;
				ORGANIZATIONNAME = "Yusuke Kawabata";
				TargetAttributes = {
					115FB094244A8F5B00A2EB6E = {
						CreatedOnToolsVersion = 11.4.1;
					};
				};
			};
			buildConfigurationList = 115FB090244A8F5B00A2EB6E /* Build configuration list for PBXProject "ChatApp1" */;
			compatibilityVersion = "Xcode 9.3";
			developmentRegion = en;
			hasScannedForEncodings = 0;
			knownRegions = (
				en,
				Base,
			);
			mainGroup = 115FB08C244A8F5B00A2EB6E;
			productRefGroup = 115FB096244A8F5B00A2EB6E /* Products */;
			projectDirPath = "";
			projectRoot = "";
			targets = (
				115FB094244A8F5B00A2EB6E /* ChatApp1 */,
			);
		};
/* End PBXProject section */

/* Begin PBXResourcesBuildPhase section */
		115FB093244A8F5B00A2EB6E /* Resources */ = {
			isa = PBXResourcesBuildPhase;
			buildActionMask = 2147483647;
			files = (
				115FB0A5244A8F6000A2EB6E /* LaunchScreen.storyboard in Resources */,
				115FB0A2244A8F6000A2EB6E /* Assets.xcassets in Resources */,
				115FB0B9244AA5C000A2EB6E /* CustomCellTableViewCell.xib in Resources */,
				115FB0A0244A8F5B00A2EB6E /* Main.storyboard in Resources */,
			);
			runOnlyForDeploymentPostprocessing = 0;
		};
/* End PBXResourcesBuildPhase section */

/* Begin PBXShellScriptBuildPhase section */
		C1F584B32175D9090C73F7BE /* [CP] Check Pods Manifest.lock */ = {
			isa = PBXShellScriptBuildPhase;
			buildActionMask = 2147483647;
			files = (
			);
			inputFileListPaths = (
			);
			inputPaths = (
				"${PODS_PODFILE_DIR_PATH}/Podfile.lock",
				"${PODS_ROOT}/Manifest.lock",
			);
			name = "[CP] Check Pods Manifest.lock";
			outputFileListPaths = (
			);
			outputPaths = (
				"$(DERIVED_FILE_DIR)/Pods-ChatApp1-checkManifestLockResult.txt",
			);
			runOnlyForDeploymentPostprocessing = 0;
			shellPath = /bin/sh;
			shellScript = "diff \"${PODS_PODFILE_DIR_PATH}/Podfile.lock\" \"${PODS_ROOT}/Manifest.lock\" > /dev/null\nif [ $? != 0 ] ; then\n    # print error to STDERR\n    echo \"error: The sandbox is not in sync with the Podfile.lock. Run 'pod install' or update your CocoaPods installation.\" >&2\n    exit 1\nfi\n# This output is used by Xcode 'outputs' to avoid re-running this script phase.\necho \"SUCCESS\" > \"${SCRIPT_OUTPUT_FILE_0}\"\n";
			showEnvVarsInLog = 0;
		};
		E077DAC420860DD1DF918889 /* [CP] Embed Pods Frameworks */ = {
			isa = PBXShellScriptBuildPhase;
			buildActionMask = 2147483647;
			files = (
			);
			inputFileListPaths = (
				"${PODS_ROOT}/Target Support Files/Pods-ChatApp1/Pods-ChatApp1-frameworks-${CONFIGURATION}-input-files.xcfilelist",
			);
			name = "[CP] Embed Pods Frameworks";
			outputFileListPaths = (
				"${PODS_ROOT}/Target Support Files/Pods-ChatApp1/Pods-ChatApp1-frameworks-${CONFIGURATION}-output-files.xcfilelist",
			);
			runOnlyForDeploymentPostprocessing = 0;
			shellPath = /bin/sh;
			shellScript = "\"${PODS_ROOT}/Target Support Files/Pods-ChatApp1/Pods-ChatApp1-frameworks.sh\"\n";
			showEnvVarsInLog = 0;
		};
/* End PBXShellScriptBuildPhase section */

/* Begin PBXSourcesBuildPhase section */
		115FB091244A8F5B00A2EB6E /* Sources */ = {
			isa = PBXSourcesBuildPhase;
			buildActionMask = 2147483647;
			files = (
				115FB0B5244AA3BE00A2EB6E /* LoginViewController.swift in Sources */,
				115FB09D244A8F5B00A2EB6E /* ViewController.swift in Sources */,
				115FB099244A8F5B00A2EB6E /* AppDelegate.swift in Sources */,
				115FB0B8244AA5C000A2EB6E /* CustomCellTableViewCell.swift in Sources */,
				115FB09B244A8F5B00A2EB6E /* SceneDelegate.swift in Sources */,
				11BB9CF1244AE1BA00B59E4F /* Message.swift in Sources */,
				115FB0B3244AA2B000A2EB6E /* ChatViewController.swift in Sources */,
				115FB0B1244A99A000A2EB6E /* RegisterViewController.swift in Sources */,
			);
			runOnlyForDeploymentPostprocessing = 0;
		};
/* End PBXSourcesBuildPhase section */

/* Begin PBXVariantGroup section */
		115FB09E244A8F5B00A2EB6E /* Main.storyboard */ = {
			isa = PBXVariantGroup;
			children = (
				115FB09F244A8F5B00A2EB6E /* Base */,
			);
			name = Main.storyboard;
			sourceTree = "<group>";
		};
		115FB0A3244A8F6000A2EB6E /* LaunchScreen.storyboard */ = {
			isa = PBXVariantGroup;
			children = (
				115FB0A4244A8F6000A2EB6E /* Base */,
			);
			name = LaunchScreen.storyboard;
			sourceTree = "<group>";
		};
/* End PBXVariantGroup section */

/* Begin XCBuildConfiguration section */
		115FB0A7244A8F6000A2EB6E /* Debug */ = {
			isa = XCBuildConfiguration;
			buildSettings = {
				ALWAYS_SEARCH_USER_PATHS = NO;
				CLANG_ANALYZER_NONNULL = YES;
				CLANG_ANALYZER_NUMBER_OBJECT_CONVERSION = YES_AGGRESSIVE;
				CLANG_CXX_LANGUAGE_STANDARD = "gnu++14";
				CLANG_CXX_LIBRARY = "libc++";
				CLANG_ENABLE_MODULES = YES;
				CLANG_ENABLE_OBJC_ARC = YES;
				CLANG_ENABLE_OBJC_WEAK = YES;
				CLANG_WARN_BLOCK_CAPTURE_AUTORELEASING = YES;
				CLANG_WARN_BOOL_CONVERSION = YES;
				CLANG_WARN_COMMA = YES;
				CLANG_WARN_CONSTANT_CONVERSION = YES;
				CLANG_WARN_DEPRECATED_OBJC_IMPLEMENTATIONS = YES;
				CLANG_WARN_DIRECT_OBJC_ISA_USAGE = YES_ERROR;
				CLANG_WARN_DOCUMENTATION_COMMENTS = YES;
				CLANG_WARN_EMPTY_BODY = YES;
				CLANG_WARN_ENUM_CONVERSION = YES;
				CLANG_WARN_INFINITE_RECURSION = YES;
				CLANG_WARN_INT_CONVERSION = YES;
				CLANG_WARN_NON_LITERAL_NULL_CONVERSION = YES;
				CLANG_WARN_OBJC_IMPLICIT_RETAIN_SELF = YES;
				CLANG_WARN_OBJC_LITERAL_CONVERSION = YES;
				CLANG_WARN_OBJC_ROOT_CLASS = YES_ERROR;
				CLANG_WARN_RANGE_LOOP_ANALYSIS = YES;
				CLANG_WARN_STRICT_PROTOTYPES = YES;
				CLANG_WARN_SUSPICIOUS_MOVE = YES;
				CLANG_WARN_UNGUARDED_AVAILABILITY = YES_AGGRESSIVE;
				CLANG_WARN_UNREACHABLE_CODE = YES;
				CLANG_WARN__DUPLICATE_METHOD_MATCH = YES;
				COPY_PHASE_STRIP = NO;
				DEBUG_INFORMATION_FORMAT = dwarf;
				ENABLE_STRICT_OBJC_MSGSEND = YES;
				ENABLE_TESTABILITY = YES;
				GCC_C_LANGUAGE_STANDARD = gnu11;
				GCC_DYNAMIC_NO_PIC = NO;
				GCC_NO_COMMON_BLOCKS = YES;
				GCC_OPTIMIZATION_LEVEL = 0;
				GCC_PREPROCESSOR_DEFINITIONS = (
					"DEBUG=1",
					"$(inherited)",
				);
				GCC_WARN_64_TO_32_BIT_CONVERSION = YES;
				GCC_WARN_ABOUT_RETURN_TYPE = YES_ERROR;
				GCC_WARN_UNDECLARED_SELECTOR = YES;
				GCC_WARN_UNINITIALIZED_AUTOS = YES_AGGRESSIVE;
				GCC_WARN_UNUSED_FUNCTION = YES;
				GCC_WARN_UNUSED_VARIABLE = YES;
				IPHONEOS_DEPLOYMENT_TARGET = 13.4;
				MTL_ENABLE_DEBUG_INFO = INCLUDE_SOURCE;
				MTL_FAST_MATH = YES;
				ONLY_ACTIVE_ARCH = YES;
				SDKROOT = iphoneos;
				SWIFT_ACTIVE_COMPILATION_CONDITIONS = DEBUG;
				SWIFT_OPTIMIZATION_LEVEL = "-Onone";
			};
			name = Debug;
		};
		115FB0A8244A8F6000A2EB6E /* Release */ = {
			isa = XCBuildConfiguration;
			buildSettings = {
				ALWAYS_SEARCH_USER_PATHS = NO;
				CLANG_ANALYZER_NONNULL = YES;
				CLANG_ANALYZER_NUMBER_OBJECT_CONVERSION = YES_AGGRESSIVE;
				CLANG_CXX_LANGUAGE_STANDARD = "gnu++14";
				CLANG_CXX_LIBRARY = "libc++";
				CLANG_ENABLE_MODULES = YES;
				CLANG_ENABLE_OBJC_ARC = YES;
				CLANG_ENABLE_OBJC_WEAK = YES;
				CLANG_WARN_BLOCK_CAPTURE_AUTORELEASING = YES;
				CLANG_WARN_BOOL_CONVERSION = YES;
				CLANG_WARN_COMMA = YES;
				CLANG_WARN_CONSTANT_CONVERSION = YES;
				CLANG_WARN_DEPRECATED_OBJC_IMPLEMENTATIONS = YES;
				CLANG_WARN_DIRECT_OBJC_ISA_USAGE = YES_ERROR;
				CLANG_WARN_DOCUMENTATION_COMMENTS = YES;
				CLANG_WARN_EMPTY_BODY = YES;
				CLANG_WARN_ENUM_CONVERSION = YES;
				CLANG_WARN_INFINITE_RECURSION = YES;
				CLANG_WARN_INT_CONVERSION = YES;
				CLANG_WARN_NON_LITERAL_NULL_CONVERSION = YES;
				CLANG_WARN_OBJC_IMPLICIT_RETAIN_SELF = YES;
				CLANG_WARN_OBJC_LITERAL_CONVERSION = YES;
				CLANG_WARN_OBJC_ROOT_CLASS = YES_ERROR;
				CLANG_WARN_RANGE_LOOP_ANALYSIS = YES;
				CLANG_WARN_STRICT_PROTOTYPES = YES;
				CLANG_WARN_SUSPICIOUS_MOVE = YES;
				CLANG_WARN_UNGUARDED_AVAILABILITY = YES_AGGRESSIVE;
				CLANG_WARN_UNREACHABLE_CODE = YES;
				CLANG_WARN__DUPLICATE_METHOD_MATCH = YES;
				COPY_PHASE_STRIP = NO;
				DEBUG_INFORMATION_FORMAT = "dwarf-with-dsym";
				ENABLE_NS_ASSERTIONS = NO;
				ENABLE_STRICT_OBJC_MSGSEND = YES;
				GCC_C_LANGUAGE_STANDARD = gnu11;
				GCC_NO_COMMON_BLOCKS = YES;
				GCC_WARN_64_TO_32_BIT_CONVERSION = YES;
				GCC_WARN_ABOUT_RETURN_TYPE = YES_ERROR;
				GCC_WARN_UNDECLARED_SELECTOR = YES;
				GCC_WARN_UNINITIALIZED_AUTOS = YES_AGGRESSIVE;
				GCC_WARN_UNUSED_FUNCTION = YES;
				GCC_WARN_UNUSED_VARIABLE = YES;
				IPHONEOS_DEPLOYMENT_TARGET = 13.4;
				MTL_ENABLE_DEBUG_INFO = NO;
				MTL_FAST_MATH = YES;
				SDKROOT = iphoneos;
				SWIFT_COMPILATION_MODE = wholemodule;
				SWIFT_OPTIMIZATION_LEVEL = "-O";
				VALIDATE_PRODUCT = YES;
			};
			name = Release;
		};
		115FB0AA244A8F6000A2EB6E /* Debug */ = {
			isa = XCBuildConfiguration;
			baseConfigurationReference = 6EC160DD1DC49C268C4A168E /* Pods-ChatApp1.debug.xcconfig */;
			buildSettings = {
				ASSETCATALOG_COMPILER_APPICON_NAME = AppIcon;
				CODE_SIGN_STYLE = Automatic;
				INFOPLIST_FILE = ChatApp1/Info.plist;
				LD_RUNPATH_SEARCH_PATHS = (
					"$(inherited)",
					"@executable_path/Frameworks",
				);
				PRODUCT_BUNDLE_IDENTIFIER = com.yusukeudemy.ChatApp1;
				PRODUCT_NAME = "$(TARGET_NAME)";
				SWIFT_VERSION = 5.0;
				TARGETED_DEVICE_FAMILY = 1;
			};
			name = Debug;
		};
		115FB0AB244A8F6000A2EB6E /* Release */ = {
			isa = XCBuildConfiguration;
			baseConfigurationReference = 8474E7EA5E02D86CC0DB7E90 /* Pods-ChatApp1.release.xcconfig */;
			buildSettings = {
				ASSETCATALOG_COMPILER_APPICON_NAME = AppIcon;
				CODE_SIGN_STYLE = Automatic;
				INFOPLIST_FILE = ChatApp1/Info.plist;
				LD_RUNPATH_SEARCH_PATHS = (
					"$(inherited)",
					"@executable_path/Frameworks",
				);
				PRODUCT_BUNDLE_IDENTIFIER = com.yusukeudemy.ChatApp1;
				PRODUCT_NAME = "$(TARGET_NAME)";
				SWIFT_VERSION = 5.0;
				TARGETED_DEVICE_FAMILY = 1;
			};
			name = Release;
		};
/* End XCBuildConfiguration section */

/* Begin XCConfigurationList section */
		115FB090244A8F5B00A2EB6E /* Build configuration list for PBXProject "ChatApp1" */ = {
			isa = XCConfigurationList;
			buildConfigurations = (
				115FB0A7244A8F6000A2EB6E /* Debug */,
				115FB0A8244A8F6000A2EB6E /* Release */,
			);
			defaultConfigurationIsVisible = 0;
			defaultConfigurationName = Release;
		};
		115FB0A9244A8F6000A2EB6E /* Build configuration list for PBXNativeTarget "ChatApp1" */ = {
			isa = XCConfigurationList;
			buildConfigurations = (
				115FB0AA244A8F6000A2EB6E /* Debug */,
				115FB0AB244A8F6000A2EB6E /* Release */,
			);
			defaultConfigurationIsVisible = 0;
			defaultConfigurationName = Release;
		};
/* End XCConfigurationList section */
	};
	rootObject = 115FB08D244A8F5B00A2EB6E /* Project object */;
}
