// !$*UTF8*$!
{
	archiveVersion = 1;
	classes = {
	};
	objectVersion = 50;
	objects = {

/* Begin PBXBuildFile section */
		114D586F24395B940071B20C /* AppDelegate.swift in Sources */ = {isa = PBXBuildFile; fileRef = 114D586E24395B940071B20C /* AppDelegate.swift */; };
		114D587124395B940071B20C /* SceneDelegate.swift in Sources */ = {isa = PBXBuildFile; fileRef = 114D587024395B940071B20C /* SceneDelegate.swift */; };
		114D587324395B940071B20C /* ViewController.swift in Sources */ = {isa = PBXBuildFile; fileRef = 114D587224395B940071B20C /* ViewController.swift */; };
		114D587624395B940071B20C /* Main.storyboard in Resources */ = {isa = PBXBuildFile; fileRef = 114D587424395B940071B20C /* Main.storyboard */; };
		114D587824395B9A0071B20C /* Assets.xcassets in Resources */ = {isa = PBXBuildFile; fileRef = 114D587724395B9A0071B20C /* Assets.xcassets */; };
		114D587B24395B9A0071B20C /* LaunchScreen.storyboard in Resources */ = {isa = PBXBuildFile; fileRef = 114D587924395B9A0071B20C /* LaunchScreen.storyboard */; };
		114D588324395D250071B20C /* NextViewController.swift in Sources */ = {isa = PBXBuildFile; fileRef = 114D588224395D250071B20C /* NextViewController.swift */; };
/* End PBXBuildFile section */

/* Begin PBXFileReference section */
		114D586B24395B940071B20C /* Swift5TableViewBasic1.app */ = {isa = PBXFileReference; explicitFileType = wrapper.application; includeInIndex = 0; path = Swift5TableViewBasic1.app; sourceTree = BUILT_PRODUCTS_DIR; };
		114D586E24395B940071B20C /* AppDelegate.swift */ = {isa = PBXFileReference; lastKnownFileType = sourcecode.swift; path = AppDelegate.swift; sourceTree = "<group>"; };
		114D587024395B940071B20C /* SceneDelegate.swift */ = {isa = PBXFileReference; lastKnownFileType = sourcecode.swift; path = SceneDelegate.swift; sourceTree = "<group>"; };
		114D587224395B940071B20C /* ViewController.swift */ = {isa = PBXFileReference; lastKnownFileType = sourcecode.swift; path = ViewController.swift; sourceTree = "<group>"; };
		114D587524395B940071B20C /* Base */ = {isa = PBXFileReference; lastKnownFileType = file.storyboard; name = Base; path = Base.lproj/Main.storyboard; sourceTree = "<group>"; };
		114D587724395B9A0071B20C /* Assets.xcassets */ = {isa = PBXFileReference; lastKnownFileType = folder.assetcatalog; path = Assets.xcassets; sourceTree = "<group>"; };
		114D587A24395B9A0071B20C /* Base */ = {isa = PBXFileReference; lastKnownFileType = file.storyboard; name = Base; path = Base.lproj/LaunchScreen.storyboard; sourceTree = "<group>"; };
		114D587C24395B9A0071B20C /* Info.plist */ = {isa = PBXFileReference; lastKnownFileType = text.plist.xml; path = Info.plist; sourceTree = "<group>"; };
		114D588224395D250071B20C /* NextViewController.swift */ = {isa = PBXFileReference; lastKnownFileType = sourcecode.swift; path = NextViewController.swift; sourceTree = "<group>"; };
/* End PBXFileReference section */

/* Begin PBXFrameworksBuildPhase section */
		114D586824395B940071B20C /* Frameworks */ = {
			isa = PBXFrameworksBuildPhase;
			buildActionMask = 2147483647;
			files = (
			);
			runOnlyForDeploymentPostprocessing = 0;
		};
/* End PBXFrameworksBuildPhase section */

/* Begin PBXGroup section */
		114D586224395B940071B20C = {
			isa = PBXGroup;
			children = (
				114D586D24395B940071B20C /* Swift5TableViewBasic1 */,
				114D586C24395B940071B20C /* Products */,
			);
			sourceTree = "<group>";
		};
		114D586C24395B940071B20C /* Products */ = {
			isa = PBXGroup;
			children = (
				114D586B24395B940071B20C /* Swift5TableViewBasic1.app */,
			);
			name = Products;
			sourceTree = "<group>";
		};
		114D586D24395B940071B20C /* Swift5TableViewBasic1 */ = {
			isa = PBXGroup;
			children = (
				114D586E24395B940071B20C /* AppDelegate.swift */,
				114D587024395B940071B20C /* SceneDelegate.swift */,
				114D587224395B940071B20C /* ViewController.swift */,
				114D588224395D250071B20C /* NextViewController.swift */,
				114D587424395B940071B20C /* Main.storyboard */,
				114D587724395B9A0071B20C /* Assets.xcassets */,
				114D587924395B9A0071B20C /* LaunchScreen.storyboard */,
				114D587C24395B9A0071B20C /* Info.plist */,
			);
			path = Swift5TableViewBasic1;
			sourceTree = "<group>";
		};
/* End PBXGroup section */

/* Begin PBXNativeTarget section */
		114D586A24395B940071B20C /* Swift5TableViewBasic1 */ = {
			isa = PBXNativeTarget;
			buildConfigurationList = 114D587F24395B9A0071B20C /* Build configuration list for PBXNativeTarget "Swift5TableViewBasic1" */;
			buildPhases = (
				114D586724395B940071B20C /* Sources */,
				114D586824395B940071B20C /* Frameworks */,
				114D586924395B940071B20C /* Resources */,
			);
			buildRules = (
			);
			dependencies = (
			);
			name = Swift5TableViewBasic1;
			productName = Swift5TableViewBasic1;
			productReference = 114D586B24395B940071B20C /* Swift5TableViewBasic1.app */;
			productType = "com.apple.product-type.application";
		};
/* End PBXNativeTarget section */

/* Begin PBXProject section */
		114D586324395B940071B20C /* Project object */ = {
			isa = PBXProject;
			attributes = {
				LastSwiftUpdateCheck = 1140;
				LastUpgradeCheck = 1140;
				ORGANIZATIONNAME = "Yusuke Kawabata";
				TargetAttributes = {
					114D586A24395B940071B20C = {
						CreatedOnToolsVersion = 11.4;
					};
				};
			};
			buildConfigurationList = 114D586624395B940071B20C /* Build configuration list for PBXProject "Swift5TableViewBasic1" */;
			compatibilityVersion = "Xcode 9.3";
			developmentRegion = en;
			hasScannedForEncodings = 0;
			knownRegions = (
				en,
				Base,
			);
			mainGroup = 114D586224395B940071B20C;
			productRefGroup = 114D586C24395B940071B20C /* Products */;
			projectDirPath = "";
			projectRoot = "";
			targets = (
				114D586A24395B940071B20C /* Swift5TableViewBasic1 */,
			);
		};
/* End PBXProject section */

/* Begin PBXResourcesBuildPhase section */
		114D586924395B940071B20C /* Resources */ = {
			isa = PBXResourcesBuildPhase;
			buildActionMask = 2147483647;
			files = (
				114D587B24395B9A0071B20C /* LaunchScreen.storyboard in Resources */,
				114D587824395B9A0071B20C /* Assets.xcassets in Resources */,
				114D587624395B940071B20C /* Main.storyboard in Resources */,
			);
			runOnlyForDeploymentPostprocessing = 0;
		};
/* End PBXResourcesBuildPhase section */

/* Begin PBXSourcesBuildPhase section */
		114D586724395B940071B20C /* Sources */ = {
			isa = PBXSourcesBuildPhase;
			buildActionMask = 2147483647;
			files = (
				114D587324395B940071B20C /* ViewController.swift in Sources */,
				114D588324395D250071B20C /* NextViewController.swift in Sources */,
				114D586F24395B940071B20C /* AppDelegate.swift in Sources */,
				114D587124395B940071B20C /* SceneDelegate.swift in Sources */,
			);
			runOnlyForDeploymentPostprocessing = 0;
		};
/* End PBXSourcesBuildPhase section */

/* Begin PBXVariantGroup section */
		114D587424395B940071B20C /* Main.storyboard */ = {
			isa = PBXVariantGroup;
			children = (
				114D587524395B940071B20C /* Base */,
			);
			name = Main.storyboard;
			sourceTree = "<group>";
		};
		114D587924395B9A0071B20C /* LaunchScreen.storyboard */ = {
			isa = PBXVariantGroup;
			children = (
				114D587A24395B9A0071B20C /* Base */,
			);
			name = LaunchScreen.storyboard;
			sourceTree = "<group>";
		};
/* End PBXVariantGroup section */

/* Begin XCBuildConfiguration section */
		114D587D24395B9A0071B20C /* Debug */ = {
			isa = XCBuildConfiguration;
			buildSettings = {
				ALWAYS_SEARCH_USER_PATHS = NO;
				CLANG_ANALYZER_NONNULL = YES;
				CLANG_ANALYZER_NUMBER_OBJECT_CONVERSION = YES_AGGRESSIVE;
				CLANG_CXX_LANGUAGE_STANDARD = "gnu++14";
				CLANG_CXX_LIBRARY = "libc++";
				CLANG_ENABLE_MODULES = YES;
				CLANG_ENABLE_OBJC_ARC = YES;
				CLANG_ENABLE_OBJC_WEAK = YES;
				CLANG_WARN_BLOCK_CAPTURE_AUTORELEASING = YES;
				CLANG_WARN_BOOL_CONVERSION = YES;
				CLANG_WARN_COMMA = YES;
				CLANG_WARN_CONSTANT_CONVERSION = YES;
				CLANG_WARN_DEPRECATED_OBJC_IMPLEMENTATIONS = YES;
				CLANG_WARN_DIRECT_OBJC_ISA_USAGE = YES_ERROR;
				CLANG_WARN_DOCUMENTATION_COMMENTS = YES;
				CLANG_WARN_EMPTY_BODY = YES;
				CLANG_WARN_ENUM_CONVERSION = YES;
				CLANG_WARN_INFINITE_RECURSION = YES;
				CLANG_WARN_INT_CONVERSION = YES;
				CLANG_WARN_NON_LITERAL_NULL_CONVERSION = YES;
				CLANG_WARN_OBJC_IMPLICIT_RETAIN_SELF = YES;
				CLANG_WARN_OBJC_LITERAL_CONVERSION = YES;
				CLANG_WARN_OBJC_ROOT_CLASS = YES_ERROR;
				CLANG_WARN_RANGE_LOOP_ANALYSIS = YES;
				CLANG_WARN_STRICT_PROTOTYPES = YES;
				CLANG_WARN_SUSPICIOUS_MOVE = YES;
				CLANG_WARN_UNGUARDED_AVAILABILITY = YES_AGGRESSIVE;
				CLANG_WARN_UNREACHABLE_CODE = YES;
				CLANG_WARN__DUPLICATE_METHOD_MATCH = YES;
				COPY_PHASE_STRIP = NO;
				DEBUG_INFORMATION_FORMAT = dwarf;
				ENABLE_STRICT_OBJC_MSGSEND = YES;
				ENABLE_TESTABILITY = YES;
				GCC_C_LANGUAGE_STANDARD = gnu11;
				GCC_DYNAMIC_NO_PIC = NO;
				GCC_NO_COMMON_BLOCKS = YES;
				GCC_OPTIMIZATION_LEVEL = 0;
				GCC_PREPROCESSOR_DEFINITIONS = (
					"DEBUG=1",
					"$(inherited)",
				);
				GCC_WARN_64_TO_32_BIT_CONVERSION = YES;
				GCC_WARN_ABOUT_RETURN_TYPE = YES_ERROR;
				GCC_WARN_UNDECLARED_SELECTOR = YES;
				GCC_WARN_UNINITIALIZED_AUTOS = YES_AGGRESSIVE;
				GCC_WARN_UNUSED_FUNCTION = YES;
				GCC_WARN_UNUSED_VARIABLE = YES;
				IPHONEOS_DEPLOYMENT_TARGET = 13.4;
				MTL_ENABLE_DEBUG_INFO = INCLUDE_SOURCE;
				MTL_FAST_MATH = YES;
				ONLY_ACTIVE_ARCH = YES;
				SDKROOT = iphoneos;
				SWIFT_ACTIVE_COMPILATION_CONDITIONS = DEBUG;
				SWIFT_OPTIMIZATION_LEVEL = "-Onone";
			};
			name = Debug;
		};
		114D587E24395B9A0071B20C /* Release */ = {
			isa = XCBuildConfiguration;
			buildSettings = {
				ALWAYS_SEARCH_USER_PATHS = NO;
				CLANG_ANALYZER_NONNULL = YES;
				CLANG_ANALYZER_NUMBER_OBJECT_CONVERSION = YES_AGGRESSIVE;
				CLANG_CXX_LANGUAGE_STANDARD = "gnu++14";
				CLANG_CXX_LIBRARY = "libc++";
				CLANG_ENABLE_MODULES = YES;
				CLANG_ENABLE_OBJC_ARC = YES;
				CLANG_ENABLE_OBJC_WEAK = YES;
				CLANG_WARN_BLOCK_CAPTURE_AUTORELEASING = YES;
				CLANG_WARN_BOOL_CONVERSION = YES;
				CLANG_WARN_COMMA = YES;
				CLANG_WARN_CONSTANT_CONVERSION = YES;
				CLANG_WARN_DEPRECATED_OBJC_IMPLEMENTATIONS = YES;
				CLANG_WARN_DIRECT_OBJC_ISA_USAGE = YES_ERROR;
				CLANG_WARN_DOCUMENTATION_COMMENTS = YES;
				CLANG_WARN_EMPTY_BODY = YES;
				CLANG_WARN_ENUM_CONVERSION = YES;
				CLANG_WARN_INFINITE_RECURSION = YES;
				CLANG_WARN_INT_CONVERSION = YES;
				CLANG_WARN_NON_LITERAL_NULL_CONVERSION = YES;
				CLANG_WARN_OBJC_IMPLICIT_RETAIN_SELF = YES;
				CLANG_WARN_OBJC_LITERAL_CONVERSION = YES;
				CLANG_WARN_OBJC_ROOT_CLASS = YES_ERROR;
				CLANG_WARN_RANGE_LOOP_ANALYSIS = YES;
				CLANG_WARN_STRICT_PROTOTYPES = YES;
				CLANG_WARN_SUSPICIOUS_MOVE = YES;
				CLANG_WARN_UNGUARDED_AVAILABILITY = YES_AGGRESSIVE;
				CLANG_WARN_UNREACHABLE_CODE = YES;
				CLANG_WARN__DUPLICATE_METHOD_MATCH = YES;
				COPY_PHASE_STRIP = NO;
				DEBUG_INFORMATION_FORMAT = "dwarf-with-dsym";
				ENABLE_NS_ASSERTIONS = NO;
				ENABLE_STRICT_OBJC_MSGSEND = YES;
				GCC_C_LANGUAGE_STANDARD = gnu11;
				GCC_NO_COMMON_BLOCKS = YES;
				GCC_WARN_64_TO_32_BIT_CONVERSION = YES;
				GCC_WARN_ABOUT_RETURN_TYPE = YES_ERROR;
				GCC_WARN_UNDECLARED_SELECTOR = YES;
				GCC_WARN_UNINITIALIZED_AUTOS = YES_AGGRESSIVE;
				GCC_WARN_UNUSED_FUNCTION = YES;
				GCC_WARN_UNUSED_VARIABLE = YES;
				IPHONEOS_DEPLOYMENT_TARGET = 13.4;
				MTL_ENABLE_DEBUG_INFO = NO;
				MTL_FAST_MATH = YES;
				SDKROOT = iphoneos;
				SWIFT_COMPILATION_MODE = wholemodule;
				SWIFT_OPTIMIZATION_LEVEL = "-O";
				VALIDATE_PRODUCT = YES;
			};
			name = Release;
		};
		114D588024395B9A0071B20C /* Debug */ = {
			isa = XCBuildConfiguration;
			buildSettings = {
				ASSETCATALOG_COMPILER_APPICON_NAME = AppIcon;
				CODE_SIGN_STYLE = Automatic;
				INFOPLIST_FILE = Swift5TableViewBasic1/Info.plist;
				LD_RUNPATH_SEARCH_PATHS = (
					"$(inherited)",
					"@executable_path/Frameworks",
				);
				PRODUCT_BUNDLE_IDENTIFIER = com.yusukeudemy.Swift5TableViewBasic1;
				PRODUCT_NAME = "$(TARGET_NAME)";
				SWIFT_VERSION = 5.0;
				TARGETED_DEVICE_FAMILY = 1;
			};
			name = Debug;
		};
		114D588124395B9A0071B20C /* Release */ = {
			isa = XCBuildConfiguration;
			buildSettings = {
				ASSETCATALOG_COMPILER_APPICON_NAME = AppIcon;
				CODE_SIGN_STYLE = Automatic;
				INFOPLIST_FILE = Swift5TableViewBasic1/Info.plist;
				LD_RUNPATH_SEARCH_PATHS = (
					"$(inherited)",
					"@executable_path/Frameworks",
				);
				PRODUCT_BUNDLE_IDENTIFIER = com.yusukeudemy.Swift5TableViewBasic1;
				PRODUCT_NAME = "$(TARGET_NAME)";
				SWIFT_VERSION = 5.0;
				TARGETED_DEVICE_FAMILY = 1;
			};
			name = Release;
		};
/* End XCBuildConfiguration section */

/* Begin XCConfigurationList section */
		114D586624395B940071B20C /* Build configuration list for PBXProject "Swift5TableViewBasic1" */ = {
			isa = XCConfigurationList;
			buildConfigurations = (
				114D587D24395B9A0071B20C /* Debug */,
				114D587E24395B9A0071B20C /* Release */,
			);
			defaultConfigurationIsVisible = 0;
			defaultConfigurationName = Release;
		};
		114D587F24395B9A0071B20C /* Build configuration list for PBXNativeTarget "Swift5TableViewBasic1" */ = {
			isa = XCConfigurationList;
			buildConfigurations = (
				114D588024395B9A0071B20C /* Debug */,
				114D588124395B9A0071B20C /* Release */,
			);
			defaultConfigurationIsVisible = 0;
			defaultConfigurationName = Release;
		};
/* End XCConfigurationList section */
	};
	rootObject = 114D586324395B940071B20C /* Project object */;
}
